
Microsoft Visual Studio Solution File, Format Version 12.00
Project("{FAE04EC0-301F-11D3-BF4B-00C04F79EFBC}") = "Filmes", "Filmes\Filmes.csproj", "{43BEBFAE-0D98-4A5D-A4B1-000E37C65658}"
EndProject
Global
	GlobalSection(SolutionConfigurationPlatforms) = preSolution
		Debug|Any CPU = Debug|Any CPU
		Release|Any CPU = Release|Any CPU
	EndGlobalSection
	GlobalSection(ProjectConfigurationPlatforms) = postSolution
		{43BEBFAE-0D98-4A5D-A4B1-000E37C65658}.Debug|Any CPU.ActiveCfg = Debug|Any CPU
		{43BEBFAE-0D98-4A5D-A4B1-000E37C65658}.Debug|Any CPU.Build.0 = Debug|Any CPU
		{43BEBFAE-0D98-4A5D-A4B1-000E37C65658}.Release|Any CPU.ActiveCfg = Release|Any CPU
		{43BEBFAE-0D98-4A5D-A4B1-000E37C65658}.Release|Any CPU.Build.0 = Release|Any CPU
	EndGlobalSection
EndGlobal
